{
  "name": "library",
  "version": "1.0.0",
  "lockfileVersion": 3,
  "requires": true,
  "packages": {
    "": {
      "name": "library",
      "version": "1.0.0",
      "license": "ISC",
      "dependencies": {
        "@vorobevdenis95/ajs": "^1.0.0"
      }
    },
    "node_modules/@vorobevdenis95/ajs": {
      "version": "1.0.0",
      "resolved": "https://npm.pkg.github.com/download/@vorobevdenis95/ajs/1.0.0/975804f0a859834613e9005b50634d1e94e62c69",
      "integrity": "sha512-DOCr15BwLS/E2E3mmwlvEedjnPJlzSHAwpnrQmUTkYx1IcFV63y8yd0gYU34TyzkSYxefO1PUWoD9uCOy5YoNg==",
      "license": "ISC"
    }
  }
}
